# This file is autogenerated, do not edit; changes may be undone by the next 'dep ensure'.


[[projects]]
  branch = "master"
  digest = "1:52099873f10441478291a630442d255d6b26ff78862de9cf0b65c39a655bdc77"
  name = "github.com/akhenakh/oureadb"
  packages = [
    "index/geodata",
    "s2tools",
  ]
  pruneopts = "UT"
  revision = "3ea5d42a33ba6d278aff3288dabc4e3abe48faa8"

[[projects]]
  branch = "master"
  digest = "1:7dc69c0944e1112d0f4c9be6eeff9fa8cf43cc69c453a645c9ed8e1fd7c31fe2"
  name = "github.com/golang/geo"
  packages = [
    "r1",
    "r2",
    "r3",
    "s1",
    "s2",
  ]
  pruneopts = "UT"
  revision = "635502111454809c6a2c3e92d5ef0454706164f5"

[[projects]]
  digest = "1:8db08830c7f52ea80bea462443c6f80c9444ff98032e3f4c9297b5f4b8229493"
  name = "github.com/golang/protobuf"
  packages = [
    "proto",
    "ptypes/struct",
  ]
  pruneopts = "UT"
  revision = "aa810b61a9c79d51363740d207bb46cf8e620ed5"
  version = "v1.2.0"

[[projects]]
  digest = "1:c79fb010be38a59d657c48c6ba1d003a8aa651fa56b579d959d74573b7dff8e1"
  name = "github.com/gorilla/context"
  packages = ["."]
  pruneopts = "UT"
  revision = "08b5f424b9271eedf6f9f0ce86cb9396ed337a42"
  version = "v1.1.1"

[[projects]]
  digest = "1:e73f5b0152105f18bc131fba127d9949305c8693f8a762588a82a48f61756f5f"
  name = "github.com/gorilla/mux"
  packages = ["."]
  pruneopts = "UT"
  revision = "e3702bed27f0d39777b0b37b664b6280e8ef8fbf"
  version = "v1.6.2"

[[projects]]
  digest = "1:40e195917a951a8bf867cd05de2a46aaf1806c50cf92eebf4c16f78cd196f747"
  name = "github.com/pkg/errors"
  packages = ["."]
  pruneopts = "UT"
  revision = "645ef00459ed84a119197bfb8d8205042c6df63d"
  version = "v0.8.0"

[[projects]]
  digest = "1:abca198cff119f8daec586944cff964f03c968980cfd1fe4d1fd135839d3dc54"
  name = "github.com/twpayne/go-geom"
  packages = [
    ".",
    "encoding/geojson",
  ]
  pruneopts = "UT"
  revision = "64c583627c3b2c4fe176461c8ef3de6833d1939f"
  version = "v1.0.0"

[solve-meta]
  analyzer-name = "dep"
  analyzer-version = 1
  input-imports = [
    "github.com/akhenakh/oureadb/index/geodata",
    "github.com/akhenakh/oureadb/s2tools",
    "github.com/golang/geo/s2",
    "github.com/twpayne/go-geom/encoding/geojson",
  ]
  solver-name = "gps-cdcl"
  solver-version = 1
